lockfileVersion: '6.0'

settings:
  autoInstallPeers: true
  excludeLinksFromLockfile: false

devDependencies:
  '@types/node':
    specifier: 20.4.6
    version: 20.4.6
  '@types/react':
    specifier: 18.2.18
    version: 18.2.18

packages:

  /@types/node@20.4.6:
    resolution: {integrity: sha512-q0RkvNgMweWWIvSMDiXhflGUKMdIxBo2M2tYM/0kEGDueQByFzK4KZAgu5YHGFNxziTlppNpTIBcqHQAxlfHdA==}
    dev: true

  /@types/prop-types@15.7.5:
    resolution: {integrity: sha512-JCB8C6SnDoQf0cNycqd/35A7MjcnK+ZTqE7judS6o7utxUCg6imJg3QK2qzHKszlTjcj2cn+NwMB2i96ubpj7w==}
    dev: true

  /@types/react@18.2.18:
    resolution: {integrity: sha512-da4NTSeBv/P34xoZPhtcLkmZuJ+oYaCxHmyHzwaDQo9RQPBeXV+06gEk2FpqEcsX9XrnNLvRpVh6bdavDSjtiQ==}
    dependencies:
      '@types/prop-types': 15.7.5
      '@types/scheduler': 0.16.3
      csstype: 3.1.2
    dev: true

  /@types/scheduler@0.16.3:
    resolution: {integrity: sha512-5cJ8CB4yAx7BH1oMvdU0Jh9lrEXyPkar6F9G/ERswkCuvP4KQZfZkSjcMbAICCpQTN4OuZn8tz0HiKv9TGZgrQ==}
    dev: true

  /csstype@3.1.2:
    resolution: {integrity: sha512-I7K1Uu0MBPzaFKg4nI5Q7Vs2t+3gWWW648spaF+Rg7pI9ds18Ugn+lvg4SHczUdKlHI5LWBXyqfS8+DufyBsgQ==}
    dev: true
